
Microsoft Visual Studio Solution File, Format Version 12.00
# Visual Studio Version 17
VisualStudioVersion = 17.2.32602.215
MinimumVisualStudioVersion = 10.0.40219.1
Project("{FAE04EC0-301F-11D3-BF4B-00C04F79EFBC}") = "Goofinder", "Goofinder\Goofinder.csproj", "{995014A9-37BF-4347-A0D8-6A57E6336319}"
EndProject
Global
	GlobalSection(SolutionConfigurationPlatforms) = preSolution
		Debug|Any CPU = Debug|Any CPU
		Release|Any CPU = Release|Any CPU
	EndGlobalSection
	GlobalSection(ProjectConfigurationPlatforms) = postSolution
		{995014A9-37BF-4347-A0D8-6A57E6336319}.Debug|Any CPU.ActiveCfg = Debug|Any CPU
		{995014A9-37BF-4347-A0D8-6A57E6336319}.Debug|Any CPU.Build.0 = Debug|Any CPU
		{995014A9-37BF-4347-A0D8-6A57E6336319}.Release|Any CPU.ActiveCfg = Release|Any CPU
		{995014A9-37BF-4347-A0D8-6A57E6336319}.Release|Any CPU.Build.0 = Release|Any CPU
	EndGlobalSection
	GlobalSection(SolutionProperties) = preSolution
		HideSolutionNode = FALSE
	EndGlobalSection
	GlobalSection(ExtensibilityGlobals) = postSolution
		SolutionGuid = {7520E5B6-A061-4814-8766-A616D95178DD}
	EndGlobalSection
EndGlobal
